
Microsoft Visual Studio Solution File, Format Version 12.00
# Visual Studio Version 16
VisualStudioVersion = 16.0.31424.327
MinimumVisualStudioVersion = 10.0.40219.1
Project("{FAE04EC0-301F-11D3-BF4B-00C04F79EFBC}") = "Akeraiotitasoft.ReferenceEqualWeakReference", "Akeraiotitasoft.ReferenceEqualWeakReference\Akeraiotitasoft.ReferenceEqualWeakReference.csproj", "{2390BA2F-2CA8-4B0C-9152-9EA331893728}"
EndProject
Global
	GlobalSection(SolutionConfigurationPlatforms) = preSolution
		Debug|Any CPU = Debug|Any CPU
		Release|Any CPU = Release|Any CPU
	EndGlobalSection
	GlobalSection(ProjectConfigurationPlatforms) = postSolution
		{2390BA2F-2CA8-4B0C-9152-9EA331893728}.Debug|Any CPU.ActiveCfg = Debug|Any CPU
		{2390BA2F-2CA8-4B0C-9152-9EA331893728}.Debug|Any CPU.Build.0 = Debug|Any CPU
		{2390BA2F-2CA8-4B0C-9152-9EA331893728}.Release|Any CPU.ActiveCfg = Release|Any CPU
		{2390BA2F-2CA8-4B0C-9152-9EA331893728}.Release|Any CPU.Build.0 = Release|Any CPU
	EndGlobalSection
	GlobalSection(SolutionProperties) = preSolution
		HideSolutionNode = FALSE
	EndGlobalSection
	GlobalSection(ExtensibilityGlobals) = postSolution
		SolutionGuid = {6603DB38-1B35-4652-9F6C-4B11BF8898E8}
	EndGlobalSection
EndGlobal
